// !$*UTF8*$!
{
	archiveVersion = 1;
	classes = {
	};
	objectVersion = 45;
	objects = {

/* Begin PBXBuildFile section */
		1D3623260D0F684500981E51 /* MDAppDelegate.m in Sources */ = {isa = PBXBuildFile; fileRef = 1D3623250D0F684500981E51 /* MDAppDelegate.m */; };
		1D60589B0D05DD56006BFB54 /* main.m in Sources */ = {isa = PBXBuildFile; fileRef = 29B97316FDCFA39411CA2CEA /* main.m */; };
		1D60589F0D05DD5A006BFB54 /* Foundation.framework in Frameworks */ = {isa = PBXBuildFile; fileRef = 1D30AB110D05D00D00671497 /* Foundation.framework */; };
		1DF5F4E00D08C38300B7A737 /* UIKit.framework in Frameworks */ = {isa = PBXBuildFile; fileRef = 1DF5F4DF0D08C38300B7A737 /* UIKit.framework */; };
		288765080DF74369002DB57D /* CoreGraphics.framework in Frameworks */ = {isa = PBXBuildFile; fileRef = 288765070DF74369002DB57D /* CoreGraphics.framework */; };
		8C1F4C782ED1B26B000FDC69 /* MDIntroTableViewDataSource.m in Sources */ = {isa = PBXBuildFile; fileRef = 8C1F4C772ED1B26B000FDC69 /* MDIntroTableViewDataSource.m */; };
		8C7166AF2ED2EC8D00642486 /* XPCrossPlatform.m in Sources */ = {isa = PBXBuildFile; fileRef = 8C7166AE2ED2EC8D00642486 /* XPCrossPlatform.m */; };
		8C9002A72ED3655E008805E6 /* Default.png in Resources */ = {isa = PBXBuildFile; fileRef = 8C9002A62ED3655E008805E6 /* Default.png */; };
		8C9002B82ED36810008805E6 /* InfoPlist.strings in Resources */ = {isa = PBXBuildFile; fileRef = 8CF4CA502ED30DF9008F628B /* InfoPlist.strings */; };
		8C961C642ED0930E002E34D4 /* MDInfoTableViewCells.m in Sources */ = {isa = PBXBuildFile; fileRef = 8C961C632ED0930E002E34D4 /* MDInfoTableViewCells.m */; };
		8C9F1B542ED3E84200DB351A /* Icon-Small.png in Resources */ = {isa = PBXBuildFile; fileRef = 8C9F1B4E2ED3E84200DB351A /* Icon-Small.png */; };
		8C9F1B552ED3E84200DB351A /* Icon-Small@2x.png in Resources */ = {isa = PBXBuildFile; fileRef = 8C9F1B4F2ED3E84200DB351A /* Icon-Small@2x.png */; };
		8C9F1B562ED3E84200DB351A /* Icon-Small@3x.png in Resources */ = {isa = PBXBuildFile; fileRef = 8C9F1B502ED3E84200DB351A /* Icon-Small@3x.png */; };
		8C9F1B572ED3E84200DB351A /* Icon.png in Resources */ = {isa = PBXBuildFile; fileRef = 8C9F1B512ED3E84200DB351A /* Icon.png */; };
		8C9F1B582ED3E84200DB351A /* Icon@2x.png in Resources */ = {isa = PBXBuildFile; fileRef = 8C9F1B522ED3E84200DB351A /* Icon@2x.png */; };
		8C9F1B592ED3E84200DB351A /* Icon@3x.png in Resources */ = {isa = PBXBuildFile; fileRef = 8C9F1B532ED3E84200DB351A /* Icon@3x.png */; };
		8CB6D5892ED2E639001F5B23 /* profile@3x.png in Resources */ = {isa = PBXBuildFile; fileRef = 8CB6D5802ED2E639001F5B23 /* profile@3x.png */; };
		8CB6D58A2ED2E639001F5B23 /* profile.png in Resources */ = {isa = PBXBuildFile; fileRef = 8CB6D5812ED2E639001F5B23 /* profile.png */; };
		8CB6D58B2ED2E639001F5B23 /* profile@2x.png in Resources */ = {isa = PBXBuildFile; fileRef = 8CB6D5822ED2E639001F5B23 /* profile@2x.png */; };
		8CB6D58C2ED2E639001F5B23 /* microchip@3x.png in Resources */ = {isa = PBXBuildFile; fileRef = 8CB6D5832ED2E639001F5B23 /* microchip@3x.png */; };
		8CB6D58D2ED2E639001F5B23 /* microchip@2x.png in Resources */ = {isa = PBXBuildFile; fileRef = 8CB6D5842ED2E639001F5B23 /* microchip@2x.png */; };
		8CB6D58E2ED2E639001F5B23 /* microchip.png in Resources */ = {isa = PBXBuildFile; fileRef = 8CB6D5852ED2E639001F5B23 /* microchip.png */; };
		8CB6D5902ED2E639001F5B23 /* address@2x.png in Resources */ = {isa = PBXBuildFile; fileRef = 8CB6D5872ED2E639001F5B23 /* address@2x.png */; };
		8CB6D5912ED2E639001F5B23 /* address.png in Resources */ = {isa = PBXBuildFile; fileRef = 8CB6D5882ED2E639001F5B23 /* address.png */; };
		8CC5165B2ECF3BF8009FF279 /* SystemInfo.m in Sources */ = {isa = PBXBuildFile; fileRef = 8CC516592ECF3BF8009FF279 /* SystemInfo.m */; };
		8CC516902ECF409B009FF279 /* MDInfoTableViewDataSource.m in Sources */ = {isa = PBXBuildFile; fileRef = 8CC5168F2ECF409B009FF279 /* MDInfoTableViewDataSource.m */; };
		8CF4CA482ED30DE0008F628B /* Localizable.strings in Resources */ = {isa = PBXBuildFile; fileRef = 8CF4CA462ED30DE0008F628B /* Localizable.strings */; };
/* End PBXBuildFile section */

/* Begin PBXFileReference section */
		1D30AB110D05D00D00671497 /* Foundation.framework */ = {isa = PBXFileReference; lastKnownFileType = wrapper.framework; name = Foundation.framework; path = System/Library/Frameworks/Foundation.framework; sourceTree = SDKROOT; };
		1D3623240D0F684500981E51 /* MDAppDelegate.h */ = {isa = PBXFileReference; fileEncoding = 4; lastKnownFileType = sourcecode.c.h; path = MDAppDelegate.h; sourceTree = "<group>"; };
		1D3623250D0F684500981E51 /* MDAppDelegate.m */ = {isa = PBXFileReference; fileEncoding = 4; lastKnownFileType = sourcecode.c.objc; path = MDAppDelegate.m; sourceTree = "<group>"; };
		1D6058910D05DD3D006BFB54 /* MameDaifuku.app */ = {isa = PBXFileReference; explicitFileType = wrapper.application; includeInIndex = 0; path = MameDaifuku.app; sourceTree = BUILT_PRODUCTS_DIR; };
		1DF5F4DF0D08C38300B7A737 /* UIKit.framework */ = {isa = PBXFileReference; lastKnownFileType = wrapper.framework; name = UIKit.framework; path = System/Library/Frameworks/UIKit.framework; sourceTree = SDKROOT; };
		288765070DF74369002DB57D /* CoreGraphics.framework */ = {isa = PBXFileReference; lastKnownFileType = wrapper.framework; name = CoreGraphics.framework; path = System/Library/Frameworks/CoreGraphics.framework; sourceTree = SDKROOT; };
		29B97316FDCFA39411CA2CEA /* main.m */ = {isa = PBXFileReference; fileEncoding = 4; lastKnownFileType = sourcecode.c.objc; path = main.m; sourceTree = "<group>"; };
		8C1F4C762ED1B26B000FDC69 /* MDIntroTableViewDataSource.h */ = {isa = PBXFileReference; fileEncoding = 4; lastKnownFileType = sourcecode.c.h; path = MDIntroTableViewDataSource.h; sourceTree = "<group>"; };
		8C1F4C772ED1B26B000FDC69 /* MDIntroTableViewDataSource.m */ = {isa = PBXFileReference; fileEncoding = 4; lastKnownFileType = sourcecode.c.objc; path = MDIntroTableViewDataSource.m; sourceTree = "<group>"; };
		8C7166AD2ED2EC8D00642486 /* XPCrossPlatform.h */ = {isa = PBXFileReference; fileEncoding = 4; lastKnownFileType = sourcecode.c.h; path = XPCrossPlatform.h; sourceTree = "<group>"; };
		8C7166AE2ED2EC8D00642486 /* XPCrossPlatform.m */ = {isa = PBXFileReference; fileEncoding = 4; lastKnownFileType = sourcecode.c.objc; path = XPCrossPlatform.m; sourceTree = "<group>"; };
		8C9002A62ED3655E008805E6 /* Default.png */ = {isa = PBXFileReference; lastKnownFileType = image.png; path = Default.png; sourceTree = "<group>"; };
		8C961C622ED0930E002E34D4 /* MDInfoTableViewCells.h */ = {isa = PBXFileReference; fileEncoding = 4; lastKnownFileType = sourcecode.c.h; path = MDInfoTableViewCells.h; sourceTree = "<group>"; };
		8C961C632ED0930E002E34D4 /* MDInfoTableViewCells.m */ = {isa = PBXFileReference; fileEncoding = 4; lastKnownFileType = sourcecode.c.objc; path = MDInfoTableViewCells.m; sourceTree = "<group>"; };
		8C99AC372ED3E4EA007E844B /* README.md */ = {isa = PBXFileReference; fileEncoding = 4; lastKnownFileType = text; path = README.md; sourceTree = "<group>"; };
		8C99AC382ED3E500007E844B /* LICENSE */ = {isa = PBXFileReference; fileEncoding = 4; lastKnownFileType = text; path = LICENSE; sourceTree = "<group>"; };
		8C9F1B4E2ED3E84200DB351A /* Icon-Small.png */ = {isa = PBXFileReference; lastKnownFileType = image.png; name = "Icon-Small.png"; path = "Resources/Icon-Small.png"; sourceTree = "<group>"; };
		8C9F1B4F2ED3E84200DB351A /* Icon-Small@2x.png */ = {isa = PBXFileReference; lastKnownFileType = image.png; name = "Icon-Small@2x.png"; path = "Resources/Icon-Small@2x.png"; sourceTree = "<group>"; };
		8C9F1B502ED3E84200DB351A /* Icon-Small@3x.png */ = {isa = PBXFileReference; lastKnownFileType = image.png; name = "Icon-Small@3x.png"; path = "Resources/Icon-Small@3x.png"; sourceTree = "<group>"; };
		8C9F1B512ED3E84200DB351A /* Icon.png */ = {isa = PBXFileReference; lastKnownFileType = image.png; name = Icon.png; path = Resources/Icon.png; sourceTree = "<group>"; };
		8C9F1B522ED3E84200DB351A /* Icon@2x.png */ = {isa = PBXFileReference; lastKnownFileType = image.png; name = "Icon@2x.png"; path = "Resources/Icon@2x.png"; sourceTree = "<group>"; };
		8C9F1B532ED3E84200DB351A /* Icon@3x.png */ = {isa = PBXFileReference; lastKnownFileType = image.png; name = "Icon@3x.png"; path = "Resources/Icon@3x.png"; sourceTree = "<group>"; };
		8CB6D5802ED2E639001F5B23 /* profile@3x.png */ = {isa = PBXFileReference; lastKnownFileType = image.png; name = "profile@3x.png"; path = "Resources/profile@3x.png"; sourceTree = "<group>"; };
		8CB6D5812ED2E639001F5B23 /* profile.png */ = {isa = PBXFileReference; lastKnownFileType = image.png; name = profile.png; path = Resources/profile.png; sourceTree = "<group>"; };
		8CB6D5822ED2E639001F5B23 /* profile@2x.png */ = {isa = PBXFileReference; lastKnownFileType = image.png; name = "profile@2x.png"; path = "Resources/profile@2x.png"; sourceTree = "<group>"; };
		8CB6D5832ED2E639001F5B23 /* microchip@3x.png */ = {isa = PBXFileReference; lastKnownFileType = image.png; name = "microchip@3x.png"; path = "Resources/microchip@3x.png"; sourceTree = "<group>"; };
		8CB6D5842ED2E639001F5B23 /* microchip@2x.png */ = {isa = PBXFileReference; lastKnownFileType = image.png; name = "microchip@2x.png"; path = "Resources/microchip@2x.png"; sourceTree = "<group>"; };
		8CB6D5852ED2E639001F5B23 /* microchip.png */ = {isa = PBXFileReference; lastKnownFileType = image.png; name = microchip.png; path = Resources/microchip.png; sourceTree = "<group>"; };
		8CB6D5862ED2E639001F5B23 /* profile@3x.png */ = {isa = PBXFileReference; lastKnownFileType = image.png; name = "profile@3x.png"; path = "Resources/profile@3x.png"; sourceTree = "<group>"; };
		8CB6D5872ED2E639001F5B23 /* address@2x.png */ = {isa = PBXFileReference; lastKnownFileType = image.png; name = "address@2x.png"; path = "Resources/address@2x.png"; sourceTree = "<group>"; };
		8CB6D5882ED2E639001F5B23 /* address.png */ = {isa = PBXFileReference; lastKnownFileType = image.png; name = address.png; path = Resources/address.png; sourceTree = "<group>"; };
		8CC514B32ECDEFEA009FF279 /* MameDaifuku_Prefix.pch */ = {isa = PBXFileReference; fileEncoding = 4; lastKnownFileType = sourcecode.c.h; path = MameDaifuku_Prefix.pch; sourceTree = "<group>"; };
		8CC516592ECF3BF8009FF279 /* SystemInfo.m */ = {isa = PBXFileReference; fileEncoding = 4; lastKnownFileType = sourcecode.c.objc; path = SystemInfo.m; sourceTree = "<group>"; };
		8CC5165A2ECF3BF8009FF279 /* SystemInfo.h */ = {isa = PBXFileReference; fileEncoding = 4; lastKnownFileType = sourcecode.c.h; path = SystemInfo.h; sourceTree = "<group>"; };
		8CC5168E2ECF409B009FF279 /* MDInfoTableViewDataSource.h */ = {isa = PBXFileReference; fileEncoding = 4; lastKnownFileType = sourcecode.c.h; path = MDInfoTableViewDataSource.h; sourceTree = "<group>"; };
		8CC5168F2ECF409B009FF279 /* MDInfoTableViewDataSource.m */ = {isa = PBXFileReference; fileEncoding = 4; lastKnownFileType = sourcecode.c.objc; path = MDInfoTableViewDataSource.m; sourceTree = "<group>"; };
		8CF4CA472ED30DE0008F628B /* English */ = {isa = PBXFileReference; fileEncoding = 4; lastKnownFileType = text.plist.strings; name = English; path = Resources/English.lproj/Localizable.strings; sourceTree = "<group>"; };
		8CF4CA492ED30DEE008F628B /* Japanese */ = {isa = PBXFileReference; lastKnownFileType = text.plist.strings; name = Japanese; path = Resources/Japanese.lproj/Localizable.strings; sourceTree = "<group>"; };
		8CF4CA512ED30DF9008F628B /* Japanese */ = {isa = PBXFileReference; fileEncoding = 4; lastKnownFileType = text.plist.strings; name = Japanese; path = Resources/Japanese.lproj/InfoPlist.strings; sourceTree = "<group>"; };
		8CF4CA532ED30E02008F628B /* English */ = {isa = PBXFileReference; lastKnownFileType = text.plist.strings; name = English; path = Resources/English.lproj/InfoPlist.strings; sourceTree = "<group>"; };
		8D1107310486CEB800E47090 /* Info.plist */ = {isa = PBXFileReference; fileEncoding = 4; lastKnownFileType = text.plist.xml; path = Info.plist; plistStructureDefinitionIdentifier = "com.apple.xcode.plist.structure-definition.iphone.info-plist"; sourceTree = "<group>"; };
/* End PBXFileReference section */

/* Begin PBXFrameworksBuildPhase section */
		1D60588F0D05DD3D006BFB54 /* Frameworks */ = {
			isa = PBXFrameworksBuildPhase;
			buildActionMask = 2147483647;
			files = (
				1D60589F0D05DD5A006BFB54 /* Foundation.framework in Frameworks */,
				1DF5F4E00D08C38300B7A737 /* UIKit.framework in Frameworks */,
				288765080DF74369002DB57D /* CoreGraphics.framework in Frameworks */,
			);
			runOnlyForDeploymentPostprocessing = 0;
		};
/* End PBXFrameworksBuildPhase section */

/* Begin PBXGroup section */
		080E96DDFE201D6D7F000001 /* Classes */ = {
			isa = PBXGroup;
			children = (
				1D3623240D0F684500981E51 /* MDAppDelegate.h */,
				1D3623250D0F684500981E51 /* MDAppDelegate.m */,
				8CC5168E2ECF409B009FF279 /* MDInfoTableViewDataSource.h */,
				8CC5168F2ECF409B009FF279 /* MDInfoTableViewDataSource.m */,
				8C961C622ED0930E002E34D4 /* MDInfoTableViewCells.h */,
				8C961C632ED0930E002E34D4 /* MDInfoTableViewCells.m */,
				8C1F4C762ED1B26B000FDC69 /* MDIntroTableViewDataSource.h */,
				8C1F4C772ED1B26B000FDC69 /* MDIntroTableViewDataSource.m */,
				8CC5165A2ECF3BF8009FF279 /* SystemInfo.h */,
				8CC516592ECF3BF8009FF279 /* SystemInfo.m */,
				8C7166AD2ED2EC8D00642486 /* XPCrossPlatform.h */,
				8C7166AE2ED2EC8D00642486 /* XPCrossPlatform.m */,
			);
			path = Classes;
			sourceTree = "<group>";
		};
		19C28FACFE9D520D11CA2CBB /* Products */ = {
			isa = PBXGroup;
			children = (
				1D6058910D05DD3D006BFB54 /* MameDaifuku.app */,
			);
			name = Products;
			sourceTree = "<group>";
		};
		29B97314FDCFA39411CA2CEA /* MameDaifuku */ = {
			isa = PBXGroup;
			children = (
				8C99AC372ED3E4EA007E844B /* README.md */,
				8C99AC382ED3E500007E844B /* LICENSE */,
				080E96DDFE201D6D7F000001 /* Classes */,
				29B97315FDCFA39411CA2CEA /* Other Sources */,
				29B97317FDCFA39411CA2CEA /* Resources */,
				29B97323FDCFA39411CA2CEA /* Frameworks */,
				19C28FACFE9D520D11CA2CBB /* Products */,
			);
			name = MameDaifuku;
			sourceTree = "<group>";
		};
		29B97315FDCFA39411CA2CEA /* Other Sources */ = {
			isa = PBXGroup;
			children = (
				8CC514B32ECDEFEA009FF279 /* MameDaifuku_Prefix.pch */,
				29B97316FDCFA39411CA2CEA /* main.m */,
			);
			name = "Other Sources";
			sourceTree = "<group>";
		};
		29B97317FDCFA39411CA2CEA /* Resources */ = {
			isa = PBXGroup;
			children = (
				8D1107310486CEB800E47090 /* Info.plist */,
				8CB6D5812ED2E639001F5B23 /* profile.png */,
				8CB6D5822ED2E639001F5B23 /* profile@2x.png */,
				8CB6D5802ED2E639001F5B23 /* profile@3x.png */,
				8CB6D5852ED2E639001F5B23 /* microchip.png */,
				8CB6D5842ED2E639001F5B23 /* microchip@2x.png */,
				8CB6D5832ED2E639001F5B23 /* microchip@3x.png */,
				8CB6D5882ED2E639001F5B23 /* address.png */,
				8CB6D5872ED2E639001F5B23 /* address@2x.png */,
				8CB6D5862ED2E639001F5B23 /* profile@3x.png */,
				8C9002A62ED3655E008805E6 /* Default.png */,
				8C9F1B4E2ED3E84200DB351A /* Icon-Small.png */,
				8C9F1B4F2ED3E84200DB351A /* Icon-Small@2x.png */,
				8C9F1B502ED3E84200DB351A /* Icon-Small@3x.png */,
				8C9F1B512ED3E84200DB351A /* Icon.png */,
				8C9F1B522ED3E84200DB351A /* Icon@2x.png */,
				8C9F1B532ED3E84200DB351A /* Icon@3x.png */,
				8CF4CA462ED30DE0008F628B /* Localizable.strings */,
				8CF4CA502ED30DF9008F628B /* InfoPlist.strings */,
			);
			name = Resources;
			sourceTree = "<group>";
		};
		29B97323FDCFA39411CA2CEA /* Frameworks */ = {
			isa = PBXGroup;
			children = (
				1DF5F4DF0D08C38300B7A737 /* UIKit.framework */,
				1D30AB110D05D00D00671497 /* Foundation.framework */,
				288765070DF74369002DB57D /* CoreGraphics.framework */,
			);
			name = Frameworks;
			sourceTree = "<group>";
		};
/* End PBXGroup section */

/* Begin PBXNativeTarget section */
		1D6058900D05DD3D006BFB54 /* MameDaifuku */ = {
			isa = PBXNativeTarget;
			buildConfigurationList = 1D6058960D05DD3E006BFB54 /* Build configuration list for PBXNativeTarget "MameDaifuku" */;
			buildPhases = (
				1D60588D0D05DD3D006BFB54 /* Resources */,
				1D60588E0D05DD3D006BFB54 /* Sources */,
				1D60588F0D05DD3D006BFB54 /* Frameworks */,
				8C8DEDB42ECCAD56002FADF8 /* ShellScript */,
			);
			buildRules = (
			);
			dependencies = (
			);
			name = MameDaifuku;
			productName = MameDaifuku;
			productReference = 1D6058910D05DD3D006BFB54 /* MameDaifuku.app */;
			productType = "com.apple.product-type.application";
		};
/* End PBXNativeTarget section */

/* Begin PBXProject section */
		29B97313FDCFA39411CA2CEA /* Project object */ = {
			isa = PBXProject;
			buildConfigurationList = C01FCF4E08A954540054247B /* Build configuration list for PBXProject "MameDaifuku" */;
			compatibilityVersion = "Xcode 3.1";
			hasScannedForEncodings = 1;
			knownRegions = (
				English,
				Japanese,
				French,
				German,
				ja,
				en,
			);
			mainGroup = 29B97314FDCFA39411CA2CEA /* MameDaifuku */;
			projectDirPath = "";
			projectRoot = "";
			targets = (
				1D6058900D05DD3D006BFB54 /* MameDaifuku */,
			);
		};
/* End PBXProject section */

/* Begin PBXResourcesBuildPhase section */
		1D60588D0D05DD3D006BFB54 /* Resources */ = {
			isa = PBXResourcesBuildPhase;
			buildActionMask = 2147483647;
			files = (
				8CB6D5892ED2E639001F5B23 /* profile@3x.png in Resources */,
				8CB6D58A2ED2E639001F5B23 /* profile.png in Resources */,
				8CB6D58B2ED2E639001F5B23 /* profile@2x.png in Resources */,
				8CB6D58C2ED2E639001F5B23 /* microchip@3x.png in Resources */,
				8CB6D58D2ED2E639001F5B23 /* microchip@2x.png in Resources */,
				8CB6D58E2ED2E639001F5B23 /* microchip.png in Resources */,
				8CB6D5902ED2E639001F5B23 /* address@2x.png in Resources */,
				8CB6D5912ED2E639001F5B23 /* address.png in Resources */,
				8CF4CA482ED30DE0008F628B /* Localizable.strings in Resources */,
				8C9002A72ED3655E008805E6 /* Default.png in Resources */,
				8C9002B82ED36810008805E6 /* InfoPlist.strings in Resources */,
				8C9F1B542ED3E84200DB351A /* Icon-Small.png in Resources */,
				8C9F1B552ED3E84200DB351A /* Icon-Small@2x.png in Resources */,
				8C9F1B562ED3E84200DB351A /* Icon-Small@3x.png in Resources */,
				8C9F1B572ED3E84200DB351A /* Icon.png in Resources */,
				8C9F1B582ED3E84200DB351A /* Icon@2x.png in Resources */,
				8C9F1B592ED3E84200DB351A /* Icon@3x.png in Resources */,
			);
			runOnlyForDeploymentPostprocessing = 0;
		};
/* End PBXResourcesBuildPhase section */

/* Begin PBXShellScriptBuildPhase section */
		8C8DEDB42ECCAD56002FADF8 /* ShellScript */ = {
			isa = PBXShellScriptBuildPhase;
			buildActionMask = 12;
			files = (
			);
			inputPaths = (
			);
			outputPaths = (
			);
			runOnlyForDeploymentPostprocessing = 0;
			shellPath = /bin/bash;
			shellScript = "#!/bin/bash\n\nfor SDK in /Developer/Platforms/iPhoneSimulator.platform/Developer/SDKs/*/Applications\ndo\nln -fs ${TARGET_BUILD_DIR}/${FULL_PRODUCT_NAME} ${SDK}\ndone";
			showEnvVarsInLog = 0;
		};
/* End PBXShellScriptBuildPhase section */

/* Begin PBXSourcesBuildPhase section */
		1D60588E0D05DD3D006BFB54 /* Sources */ = {
			isa = PBXSourcesBuildPhase;
			buildActionMask = 2147483647;
			files = (
				1D60589B0D05DD56006BFB54 /* main.m in Sources */,
				1D3623260D0F684500981E51 /* MDAppDelegate.m in Sources */,
				8CC5165B2ECF3BF8009FF279 /* SystemInfo.m in Sources */,
				8CC516902ECF409B009FF279 /* MDInfoTableViewDataSource.m in Sources */,
				8C961C642ED0930E002E34D4 /* MDInfoTableViewCells.m in Sources */,
				8C1F4C782ED1B26B000FDC69 /* MDIntroTableViewDataSource.m in Sources */,
				8C7166AF2ED2EC8D00642486 /* XPCrossPlatform.m in Sources */,
			);
			runOnlyForDeploymentPostprocessing = 0;
		};
/* End PBXSourcesBuildPhase section */

/* Begin PBXVariantGroup section */
		8CF4CA462ED30DE0008F628B /* Localizable.strings */ = {
			isa = PBXVariantGroup;
			children = (
				8CF4CA472ED30DE0008F628B /* English */,
				8CF4CA492ED30DEE008F628B /* Japanese */,
			);
			name = Localizable.strings;
			sourceTree = "<group>";
		};
		8CF4CA502ED30DF9008F628B /* InfoPlist.strings */ = {
			isa = PBXVariantGroup;
			children = (
				8CF4CA512ED30DF9008F628B /* Japanese */,
				8CF4CA532ED30E02008F628B /* English */,
			);
			name = InfoPlist.strings;
			sourceTree = "<group>";
		};
/* End PBXVariantGroup section */

/* Begin XCBuildConfiguration section */
		1D6058940D05DD3E006BFB54 /* Debug */ = {
			isa = XCBuildConfiguration;
			buildSettings = {
				ALWAYS_SEARCH_USER_PATHS = NO;
				COPY_PHASE_STRIP = NO;
				GCC_DYNAMIC_NO_PIC = NO;
				GCC_OPTIMIZATION_LEVEL = 0;
				GCC_PRECOMPILE_PREFIX_HEADER = YES;
				GCC_PREFIX_HEADER = MameDaifuku_Prefix.pch;
				INFOPLIST_FILE = Info.plist;
				PRODUCT_NAME = MameDaifuku;
			};
			name = Debug;
		};
		1D6058950D05DD3E006BFB54 /* Release */ = {
			isa = XCBuildConfiguration;
			buildSettings = {
				ALWAYS_SEARCH_USER_PATHS = NO;
				COPY_PHASE_STRIP = YES;
				GCC_PRECOMPILE_PREFIX_HEADER = YES;
				GCC_PREFIX_HEADER = MameDaifuku_Prefix.pch;
				INFOPLIST_FILE = Info.plist;
				PRODUCT_NAME = MameDaifuku;
			};
			name = Release;
		};
		C01FCF4F08A954540054247B /* Debug */ = {
			isa = XCBuildConfiguration;
			buildSettings = {
				ARCHS = "$(ARCHS_STANDARD_32_BIT)";
				"CODE_SIGN_IDENTITY[sdk=iphoneos*]" = "Apple Development: Jeffrey Bergier (V78MM83472)";
				GCC_C_LANGUAGE_STANDARD = c99;
				GCC_WARN_ABOUT_RETURN_TYPE = YES;
				GCC_WARN_UNUSED_VARIABLE = YES;
				INFOPLIST_FILE = Info.plist;
				IPHONEOS_DEPLOYMENT_TARGET = 2.0;
				PREBINDING = NO;
				PRECOMPS_INCLUDE_HEADERS_FROM_BUILT_PRODUCTS_DIR = YES;
				"PROVISIONING_PROFILE[sdk=iphoneos*]" = "f28c9928-3aa2-483b-bf98-d6afff6d4c54";
				SDKROOT = iphoneos3.1.3;
			};
			name = Debug;
		};
		C01FCF5008A954540054247B /* Release */ = {
			isa = XCBuildConfiguration;
			buildSettings = {
				ARCHS = "$(ARCHS_STANDARD_32_BIT)";
				"CODE_SIGN_IDENTITY[sdk=iphoneos*]" = "Apple Development: Jeffrey Bergier (V78MM83472)";
				GCC_C_LANGUAGE_STANDARD = c99;
				GCC_WARN_ABOUT_RETURN_TYPE = YES;
				GCC_WARN_UNUSED_VARIABLE = YES;
				INFOPLIST_FILE = Info.plist;
				IPHONEOS_DEPLOYMENT_TARGET = 2.0;
				PREBINDING = NO;
				PRECOMPS_INCLUDE_HEADERS_FROM_BUILT_PRODUCTS_DIR = YES;
				"PROVISIONING_PROFILE[sdk=iphoneos*]" = "f28c9928-3aa2-483b-bf98-d6afff6d4c54";
				SDKROOT = iphoneos3.1.3;
			};
			name = Release;
		};
/* End XCBuildConfiguration section */

/* Begin XCConfigurationList section */
		1D6058960D05DD3E006BFB54 /* Build configuration list for PBXNativeTarget "MameDaifuku" */ = {
			isa = XCConfigurationList;
			buildConfigurations = (
				1D6058940D05DD3E006BFB54 /* Debug */,
				1D6058950D05DD3E006BFB54 /* Release */,
			);
			defaultConfigurationIsVisible = 0;
			defaultConfigurationName = Release;
		};
		C01FCF4E08A954540054247B /* Build configuration list for PBXProject "MameDaifuku" */ = {
			isa = XCConfigurationList;
			buildConfigurations = (
				C01FCF4F08A954540054247B /* Debug */,
				C01FCF5008A954540054247B /* Release */,
			);
			defaultConfigurationIsVisible = 0;
			defaultConfigurationName = Release;
		};
/* End XCConfigurationList section */
	};
	rootObject = 29B97313FDCFA39411CA2CEA /* Project object */;
}
